{
  "version": 4,
  "terraform_version": "1.14.6",
  "serial": 1,
  "lineage": "8670757b-1535-9604-8ef7-4d287c088efa",
  "outputs": {},
  "resources": [
    {
      "mode": "data",
      "type": "aws_eks_cluster",
      "name": "eks",
      "provider": "provider[\"registry.terraform.io/hashicorp/aws\"]",
      "instances": [
        {
          "schema_version": 0,
          "attributes": {
            "access_config": [
              {
                "authentication_mode": "API_AND_CONFIG_MAP",
                "bootstrap_cluster_creator_admin_permissions": true
              }
            ],
            "arn": "arn:aws:eks:ca-central-1:688499683628:cluster/lagman-cluster",
            "certificate_authority": [
              {
                "data": "LS0tLS1CRUdJTiBDRVJUSUZJQ0FURS0tLS0tCk1JSURCVENDQWUyZ0F3SUJBZ0lJVDJqNGdRR1JnZW93RFFZSktvWklodmNOQVFFTEJRQXdGVEVUTUJFR0ExVUUKQXhNS2EzVmlaWEp1WlhSbGN6QWVGdzB5TmpBek1UWXhNVE00TVROYUZ3MHpOakF6TVRNeE1UUXpNVE5hTUJVeApFekFSQmdOVkJBTVRDbXQxWW1WeWJtVjBaWE13Z2dFaU1BMEdDU3FHU0liM0RRRUJBUVVBQTRJQkR3QXdnZ0VLCkFvSUJBUUNyZXRVcFJONmZKQnoxY1huckNlbStobzJ4REg1ZWtmQm0yWEpKd21WbkhlYVNRc3A3MnlvNUtZR3kKSEV6bXIzREJjRElhMngzWjdSdllvNWpmRXp1Um1BVG9aOE9xeFBPZnI1cy9tbk1ySEp2TVNRWU5nSC9QMlBkZwpta29nK3JCblAwL2lFelVHRmQ0amJzYU5rdTlkODZTMHloYVFpK2pJNldrMUxselBmOTVvZ2RiendOeExZWDloCjhKZ2o3WWFuSjd5b2FYWUxtMDZlVWhUbGlTVmc2UlZ4MUJmNGdHZnF4YVdib29kZWxTT1ZKOVpTL2FqL3k5NFoKdjlhQXl0bFdRTVA5dlR6ckpqVWJ2ZTVTcUEwQ0R3dG5jQWduNGJ2Snh2WUtrRzhDZUQ5N3dLaytkUzRmYkR0QwpWTlBhVmxZem10aUpwTkpybUl4b0pZYVdXRzZKQWdNQkFBR2pXVEJYTUE0R0ExVWREd0VCL3dRRUF3SUNwREFQCkJnTlZIUk1CQWY4RUJUQURBUUgvTUIwR0ExVWREZ1FXQkJTRXJzNjZQc1N0T0EzNUwzM3hYSzhINW5tY1BqQVYKQmdOVkhSRUVEakFNZ2dwcmRXSmxjbTVsZEdWek1BMEdDU3FHU0liM0RRRUJDd1VBQTRJQkFRQUw1eStJVTlEaQo3Z1BzM0FRT1loQWpRVXNwWVpPY3hrbEROOStZNlJ2NzFlNm9vajBLSlNhNUlGcGdTSmE5Njl4QlUyU1UrREJtCmZ4b253R1MyckUza2xiNjhxcCtLTjVlN0Q1VFVWZlVuSnFYRXI2SlVFMnhJTEhZd3BvaWJ4cjcwOXVKcU1nMVYKZ25jdllHZ3poVk0vdFBjeTlNelZUay9CeTRzMDFUVzdTZmZsRTFYTUJsaVRUbnNNdlNyTC9WS1JjNW9KYm5LNgpwWU9lMnhNWFk4Sm9wRXdXMDNXUlhiKzN2clJndER1RGNoM0RSVWJyUUtOQlhRQVpYT3RBRFpaRHhMMXRuMmlKCjZmcVVkZ2pCKzVVTHFOWXh6bkpVNVk4MERvR29WMDVTdXZ6OWIzRGJHUFNGWWNyYVM1aUttbG45ai9CZFZSRE0KN3pEZy9uZEs3SnhCCi0tLS0tRU5EIENFUlRJRklDQVRFLS0tLS0K"
              }
            ],
            "cluster_id": null,
            "compute_config": [],
            "created_at": "2026-03-16T11:38:53Z",
            "enabled_cluster_log_types": [],
            "endpoint": "https://FC650B5234AC7E2A7DAFFBC953A5F963.gr7.ca-central-1.eks.amazonaws.com",
            "id": "lagman-cluster",
            "identity": [
              {
                "oidc": [
                  {
                    "issuer": "https://oidc.eks.ca-central-1.amazonaws.com/id/FC650B5234AC7E2A7DAFFBC953A5F963"
                  }
                ]
              }
            ],
            "kubernetes_network_config": [
              {
                "elastic_load_balancing": [
                  {
                    "enabled": false
                  }
                ],
                "ip_family": "ipv4",
                "service_ipv4_cidr": "10.100.0.0/16",
                "service_ipv6_cidr": ""
              }
            ],
            "name": "lagman-cluster",
            "outpost_config": [],
            "platform_version": "eks.17",
            "remote_network_config": [],
            "role_arn": "arn:aws:iam::688499683628:role/eksctl-lagman-cluster-cluster-ServiceRole-ltfZDwZq4rSB",
            "status": "ACTIVE",
            "storage_config": [],
            "tags": {
              "Name": "eksctl-lagman-cluster-cluster/ControlPlane",
              "alpha.eksctl.io/cluster-name": "lagman-cluster",
              "alpha.eksctl.io/cluster-oidc-enabled": "true",
              "alpha.eksctl.io/eksctl-version": "0.223.0",
              "eksctl.cluster.k8s.io/v1alpha1/cluster-name": "lagman-cluster"
            },
            "upgrade_policy": [
              {
                "support_type": "EXTENDED"
              }
            ],
            "version": "1.34",
            "vpc_config": [
              {
                "cluster_security_group_id": "sg-08da649d65ea6f8a9",
                "endpoint_private_access": false,
                "endpoint_public_access": true,
                "public_access_cidrs": [
                  "0.0.0.0/0"
                ],
                "security_group_ids": [
                  "sg-0f1a72add7132f4a7"
                ],
                "subnet_ids": [
                  "subnet-0004a470711ed39ad",
                  "subnet-016e2385734f469bc",
                  "subnet-031738698716c643e",
                  "subnet-07051741bccd40814",
                  "subnet-0ba7b97c70a2be8b5",
                  "subnet-0f73ba82b8dbd15bd"
                ],
                "vpc_id": "vpc-0556151497a83a4a4"
              }
            ],
            "zonal_shift_config": []
          },
          "sensitive_attributes": [],
          "identity_schema_version": 0
        }
      ]
    },
    {
      "mode": "data",
      "type": "aws_eks_cluster_auth",
      "name": "eks",
      "provider": "provider[\"registry.terraform.io/hashicorp/aws\"]",
      "instances": [
        {
          "schema_version": 0,
          "attributes": {
            "id": "lagman-cluster",
            "name": "lagman-cluster",
            "token": "k8s-aws-v1.aHR0cHM6Ly9zdHMuY2EtY2VudHJhbC0xLmFtYXpvbmF3cy5jb20vP0FjdGlvbj1HZXRDYWxsZXJJZGVudGl0eSZWZXJzaW9uPTIwMTEtMDYtMTUmWC1BbXotQWxnb3JpdGhtPUFXUzQtSE1BQy1TSEEyNTYmWC1BbXotQ3JlZGVudGlhbD1BS0lBMkFUT0hPRVdCSlZBSEtJUSUyRjIwMjYwMzE4JTJGY2EtY2VudHJhbC0xJTJGc3RzJTJGYXdzNF9yZXF1ZXN0JlgtQW16LURhdGU9MjAyNjAzMThUMDkwNzAyWiZYLUFtei1FeHBpcmVzPTAmWC1BbXotU2lnbmVkSGVhZGVycz1ob3N0JTNCeC1rOHMtYXdzLWlkJlgtQW16LVNpZ25hdHVyZT1jZTFkY2JkZTFmMjk0Y2QxN2UxMWRlYmRiODMyOTVlMDBkZjE3ODU5Y2Q0MGMxZDMwMTVmMzQ3M2MwZjNmOGY1"
          },
          "sensitive_attributes": [
            [
              {
                "type": "get_attr",
                "value": "token"
              }
            ]
          ],
          "identity_schema_version": 0
        }
      ]
    },
    {
      "mode": "managed",
      "type": "helm_release",
      "name": "argocd",
      "provider": "provider[\"registry.terraform.io/hashicorp/helm\"]",
      "instances": [
        {
          "schema_version": 1,
          "attributes": {
            "atomic": false,
            "chart": "argo-cd",
            "cleanup_on_fail": false,
            "create_namespace": true,
            "dependency_update": false,
            "description": null,
            "devel": null,
            "disable_crd_hooks": false,
            "disable_openapi_validation": false,
            "disable_webhooks": false,
            "force_update": false,
            "id": "argocd",
            "keyring": null,
            "lint": false,
            "manifest": null,
            "max_history": 0,
            "metadata": [
              {
                "app_version": "v3.3.4",
                "chart": "argo-cd",
                "first_deployed": 1773824845,
                "last_deployed": 1773824845,
                "name": "argocd",
                "namespace": "argocd",
                "notes": "\nIn order to access the server UI you have the following options:\n\n1. kubectl port-forward service/argocd-server -n argocd 8080:443\n\n    and then open the browser on http://localhost:8080 and accept the certificate\n\n2. enable ingress in the values file `server.ingress.enabled` and either\n      - Add the annotation for ssl passthrough: https://argo-cd.readthedocs.io/en/stable/operator-manual/ingress/#option-1-ssl-passthrough\n      - Set the `configs.params.\"server.insecure\"` in the values file and terminate SSL at your ingress: https://argo-cd.readthedocs.io/en/stable/operator-manual/ingress/#option-2-multiple-ingress-objects-and-hosts\n\n\nAfter reaching the UI the first time you can login with username: admin and the random password generated during the installation. You can find the password by running:\n\nkubectl -n argocd get secret argocd-initial-admin-secret -o jsonpath=\"{.data.password}\" | base64 -d\n\n(You should delete the initial secret afterwards as suggested by the Getting Started Guide: https://argo-cd.readthedocs.io/en/stable/getting_started/#4-login-using-the-cli)\n",
                "revision": 1,
                "values": "{\"server\":{\"service\":{\"type\":\"ClusterIP\"}}}",
                "version": "9.4.13"
              }
            ],
            "name": "argocd",
            "namespace": "argocd",
            "pass_credentials": false,
            "postrender": [],
            "recreate_pods": false,
            "render_subchart_notes": true,
            "replace": false,
            "repository": "https://argoproj.github.io/argo-helm",
            "repository_ca_file": null,
            "repository_cert_file": null,
            "repository_key_file": null,
            "repository_password": null,
            "repository_username": null,
            "reset_values": false,
            "reuse_values": false,
            "set": [
              {
                "name": "server.service.type",
                "type": "",
                "value": "ClusterIP"
              }
            ],
            "set_list": [],
            "set_sensitive": [],
            "skip_crds": false,
            "status": "deployed",
            "timeout": 300,
            "upgrade_install": null,
            "values": null,
            "verify": false,
            "version": "9.4.13",
            "wait": true,
            "wait_for_jobs": false
          },
          "sensitive_attributes": [
            [
              {
                "type": "get_attr",
                "value": "repository_password"
              }
            ]
          ],
          "identity_schema_version": 0,
          "private": "eyJzY2hlbWFfdmVyc2lvbiI6IjEifQ==",
          "dependencies": [
            "data.aws_eks_cluster.eks",
            "data.aws_eks_cluster_auth.eks"
          ]
        }
      ]
    }
  ],
  "check_results": null
}
